// !$*UTF8*$!
{
	archiveVersion = 1;
	classes = {
	};
	objectVersion = 48;
	objects = {

/* Begin PBXBuildFile section */
		329A6626E1B1E76F5C4115D8 /* Pods_GraduationProject.framework in Frameworks */ = {isa = PBXBuildFile; fileRef = 6EE2D39D7B70FA6AF266B8AC /* Pods_GraduationProject.framework */; };
		F617AE332063556D00256236 /* ExamViewController.swift in Sources */ = {isa = PBXBuildFile; fileRef = F617AE312063556D00256236 /* ExamViewController.swift */; };
		F617AE342063556D00256236 /* ExamViewController.xib in Resources */ = {isa = PBXBuildFile; fileRef = F617AE322063556D00256236 /* ExamViewController.xib */; };
		F617AE372063557F00256236 /* ProfileViewController.swift in Sources */ = {isa = PBXBuildFile; fileRef = F617AE352063557F00256236 /* ProfileViewController.swift */; };
		F617AE382063557F00256236 /* ProfileViewController.xib in Resources */ = {isa = PBXBuildFile; fileRef = F617AE362063557F00256236 /* ProfileViewController.xib */; };
		F617AE3B2063558B00256236 /* SignInViewController.swift in Sources */ = {isa = PBXBuildFile; fileRef = F617AE392063558B00256236 /* SignInViewController.swift */; };
		F617AE3C2063558B00256236 /* SignInViewController.xib in Resources */ = {isa = PBXBuildFile; fileRef = F617AE3A2063558B00256236 /* SignInViewController.xib */; };
		F617AE4420635E0300256236 /* CustomCamera.xcassets in Resources */ = {isa = PBXBuildFile; fileRef = F617AE3D20635E0100256236 /* CustomCamera.xcassets */; };
		F617AE4520635E0300256236 /* Assets.xcassets in Resources */ = {isa = PBXBuildFile; fileRef = F617AE3E20635E0200256236 /* Assets.xcassets */; };
		F617AE4620635E0300256236 /* Guide.xcassets in Resources */ = {isa = PBXBuildFile; fileRef = F617AE3F20635E0200256236 /* Guide.xcassets */; };
		F617AE4720635E0300256236 /* Login.xcassets in Resources */ = {isa = PBXBuildFile; fileRef = F617AE4020635E0200256236 /* Login.xcassets */; };
		F617AE4820635E0300256236 /* Common.xcassets in Resources */ = {isa = PBXBuildFile; fileRef = F617AE4120635E0200256236 /* Common.xcassets */; };
		F617AE4920635E0300256236 /* Main.xcassets in Resources */ = {isa = PBXBuildFile; fileRef = F617AE4220635E0300256236 /* Main.xcassets */; };
		F617AE4A20635E0300256236 /* ResultDetail.xcassets in Resources */ = {isa = PBXBuildFile; fileRef = F617AE4320635E0300256236 /* ResultDetail.xcassets */; };
		F617AE4E2063610C00256236 /* ProfileTableViewCell.swift in Sources */ = {isa = PBXBuildFile; fileRef = F617AE4C2063610C00256236 /* ProfileTableViewCell.swift */; };
		F617AE4F2063610C00256236 /* ProfileTableViewCell.xib in Resources */ = {isa = PBXBuildFile; fileRef = F617AE4D2063610C00256236 /* ProfileTableViewCell.xib */; };
		F61CA6BE20638662005003F5 /* SettingViewController.swift in Sources */ = {isa = PBXBuildFile; fileRef = F61CA6BC20638662005003F5 /* SettingViewController.swift */; };
		F61CA6BF20638662005003F5 /* SettingViewController.xib in Resources */ = {isa = PBXBuildFile; fileRef = F61CA6BD20638662005003F5 /* SettingViewController.xib */; };
		F61CA6C220638764005003F5 /* AlterPasswordViewController.swift in Sources */ = {isa = PBXBuildFile; fileRef = F61CA6C020638764005003F5 /* AlterPasswordViewController.swift */; };
		F61CA6C320638764005003F5 /* AlterPasswordViewController.xib in Resources */ = {isa = PBXBuildFile; fileRef = F61CA6C120638764005003F5 /* AlterPasswordViewController.xib */; };
		F61CA6C620638AE1005003F5 /* RegisterViewController.swift in Sources */ = {isa = PBXBuildFile; fileRef = F61CA6C420638AE1005003F5 /* RegisterViewController.swift */; };
		F61CA6C720638AE1005003F5 /* RegisterViewController.xib in Resources */ = {isa = PBXBuildFile; fileRef = F61CA6C520638AE1005003F5 /* RegisterViewController.xib */; };
		F6C214E8205F8BBA008B893D /* AppDelegate.swift in Sources */ = {isa = PBXBuildFile; fileRef = F6C214E7205F8BBA008B893D /* AppDelegate.swift */; };
		F6C214EA205F8BBA008B893D /* ViewController.swift in Sources */ = {isa = PBXBuildFile; fileRef = F6C214E9205F8BBA008B893D /* ViewController.swift */; };
		F6C214ED205F8BBA008B893D /* Main.storyboard in Resources */ = {isa = PBXBuildFile; fileRef = F6C214EB205F8BBA008B893D /* Main.storyboard */; };
		F6C214F2205F8BBA008B893D /* LaunchScreen.storyboard in Resources */ = {isa = PBXBuildFile; fileRef = F6C214F0205F8BBA008B893D /* LaunchScreen.storyboard */; };
		F6C21551205F8FFD008B893D /* AlertHelper.swift in Sources */ = {isa = PBXBuildFile; fileRef = F6C21501205F8FFD008B893D /* AlertHelper.swift */; };
		F6C21552205F8FFD008B893D /* BaseSettingManager.swift in Sources */ = {isa = PBXBuildFile; fileRef = F6C21502205F8FFD008B893D /* BaseSettingManager.swift */; };
		F6C21553205F8FFD008B893D /* ToolHelper.swift in Sources */ = {isa = PBXBuildFile; fileRef = F6C21503205F8FFD008B893D /* ToolHelper.swift */; };
		F6C21554205F8FFD008B893D /* UIImageViewExtension.swift in Sources */ = {isa = PBXBuildFile; fileRef = F6C21506205F8FFD008B893D /* UIImageViewExtension.swift */; };
		F6C21555205F8FFD008B893D /* NSDate+Category.m in Sources */ = {isa = PBXBuildFile; fileRef = F6C21507205F8FFD008B893D /* NSDate+Category.m */; };
		F6C21556205F8FFD008B893D /* UIColorExtension.swift in Sources */ = {isa = PBXBuildFile; fileRef = F6C21508205F8FFD008B893D /* UIColorExtension.swift */; };
		F6C21557205F8FFD008B893D /* UIViewControllerExtension.swift in Sources */ = {isa = PBXBuildFile; fileRef = F6C2150A205F8FFD008B893D /* UIViewControllerExtension.swift */; };
		F6C21558205F8FFD008B893D /* UIViewExtension.swift in Sources */ = {isa = PBXBuildFile; fileRef = F6C2150B205F8FFD008B893D /* UIViewExtension.swift */; };
		F6C21559205F8FFD008B893D /* BaseViewControllerExtension.swift in Sources */ = {isa = PBXBuildFile; fileRef = F6C2150C205F8FFD008B893D /* BaseViewControllerExtension.swift */; };
		F6C2155A205F8FFD008B893D /* NSDate+FSExtension.m in Sources */ = {isa = PBXBuildFile; fileRef = F6C2150E205F8FFD008B893D /* NSDate+FSExtension.m */; };
		F6C2155B205F8FFD008B893D /* NSDateFormatter+Category.m in Sources */ = {isa = PBXBuildFile; fileRef = F6C2150F205F8FFD008B893D /* NSDateFormatter+Category.m */; };
		F6C2155C205F8FFD008B893D /* StringExtension.swift in Sources */ = {isa = PBXBuildFile; fileRef = F6C21510205F8FFD008B893D /* StringExtension.swift */; };
		F6C2155D205F8FFD008B893D /* UIImageExtension.swift in Sources */ = {isa = PBXBuildFile; fileRef = F6C21511205F8FFD008B893D /* UIImageExtension.swift */; };
		F6C2155E205F8FFD008B893D /* UploadImageManager.swift in Sources */ = {isa = PBXBuildFile; fileRef = F6C21513205F8FFD008B893D /* UploadImageManager.swift */; };
		F6C21561205F8FFD008B893D /* UploadVoiceDataManager.swift in Sources */ = {isa = PBXBuildFile; fileRef = F6C21516205F8FFD008B893D /* UploadVoiceDataManager.swift */; };
		F6C21562205F8FFD008B893D /* YTNibCustomView.xib in Resources */ = {isa = PBXBuildFile; fileRef = F6C21519205F8FFD008B893D /* YTNibCustomView.xib */; };
		F6C21563205F8FFD008B893D /* YTNibCustomView.swift in Sources */ = {isa = PBXBuildFile; fileRef = F6C2151A205F8FFD008B893D /* YTNibCustomView.swift */; };
		F6C21564205F8FFD008B893D /* XPickerView.xib in Resources */ = {isa = PBXBuildFile; fileRef = F6C2151C205F8FFD008B893D /* XPickerView.xib */; };
		F6C21565205F8FFD008B893D /* XDatePickerView.swift in Sources */ = {isa = PBXBuildFile; fileRef = F6C2151D205F8FFD008B893D /* XDatePickerView.swift */; };
		F6C21566205F8FFD008B893D /* XDatePickerView.xib in Resources */ = {isa = PBXBuildFile; fileRef = F6C2151E205F8FFD008B893D /* XDatePickerView.xib */; };
		F6C21567205F8FFD008B893D /* YTDatePickerViewController.swift in Sources */ = {isa = PBXBuildFile; fileRef = F6C2151F205F8FFD008B893D /* YTDatePickerViewController.swift */; };
		F6C21568205F8FFD008B893D /* XPickerView.swift in Sources */ = {isa = PBXBuildFile; fileRef = F6C21520205F8FFD008B893D /* XPickerView.swift */; };
		F6C21569205F8FFD008B893D /* YTPickerViewController.swift in Sources */ = {isa = PBXBuildFile; fileRef = F6C21521205F8FFD008B893D /* YTPickerViewController.swift */; };
		F6C2156A205F8FFD008B893D /* RefreshTableViewController.xib in Resources */ = {isa = PBXBuildFile; fileRef = F6C21523205F8FFD008B893D /* RefreshTableViewController.xib */; };
		F6C2156B205F8FFD008B893D /* FoldTableViewController.swift in Sources */ = {isa = PBXBuildFile; fileRef = F6C21524205F8FFD008B893D /* FoldTableViewController.swift */; };
		F6C2156C205F8FFD008B893D /* SelectedTableViewController.swift in Sources */ = {isa = PBXBuildFile; fileRef = F6C21525205F8FFD008B893D /* SelectedTableViewController.swift */; };
		F6C2156D205F8FFD008B893D /* RefreshTableViewController.swift in Sources */ = {isa = PBXBuildFile; fileRef = F6C21526205F8FFD008B893D /* RefreshTableViewController.swift */; };
		F6C2156E205F8FFD008B893D /* LoopScrollBanner.swift in Sources */ = {isa = PBXBuildFile; fileRef = F6C21528205F8FFD008B893D /* LoopScrollBanner.swift */; };
		F6C21573205F8FFD008B893D /* CountDownButton.swift in Sources */ = {isa = PBXBuildFile; fileRef = F6C2152F205F8FFD008B893D /* CountDownButton.swift */; };
		F6C21574205F8FFD008B893D /* CustomSearchBar.xib in Resources */ = {isa = PBXBuildFile; fileRef = F6C21531205F8FFD008B893D /* CustomSearchBar.xib */; };
		F6C21575205F8FFD008B893D /* CustomSearchBar.swift in Sources */ = {isa = PBXBuildFile; fileRef = F6C21532205F8FFD008B893D /* CustomSearchBar.swift */; };
		F6C21576205F8FFD008B893D /* SelectedTableViewCell.swift in Sources */ = {isa = PBXBuildFile; fileRef = F6C21534205F8FFD008B893D /* SelectedTableViewCell.swift */; };
		F6C21577205F8FFD008B893D /* CommonTableViewCell.swift in Sources */ = {isa = PBXBuildFile; fileRef = F6C21535205F8FFD008B893D /* CommonTableViewCell.swift */; };
		F6C21578205F8FFD008B893D /* SingleItemTableViewCell.swift in Sources */ = {isa = PBXBuildFile; fileRef = F6C21536205F8FFD008B893D /* SingleItemTableViewCell.swift */; };
		F6C21579205F8FFD008B893D /* SelectedTableViewCell.xib in Resources */ = {isa = PBXBuildFile; fileRef = F6C21537205F8FFD008B893D /* SelectedTableViewCell.xib */; };
		F6C2157A205F8FFD008B893D /* SingleItemView.xib in Resources */ = {isa = PBXBuildFile; fileRef = F6C21538205F8FFD008B893D /* SingleItemView.xib */; };
		F6C2157B205F8FFD008B893D /* SingleItemView.swift in Sources */ = {isa = PBXBuildFile; fileRef = F6C21539205F8FFD008B893D /* SingleItemView.swift */; };
		F6C2157C205F8FFD008B893D /* CommonTableViewCell.xib in Resources */ = {isa = PBXBuildFile; fileRef = F6C2153A205F8FFD008B893D /* CommonTableViewCell.xib */; };
		F6C2157D205F8FFD008B893D /* SingleItemTableViewCell.xib in Resources */ = {isa = PBXBuildFile; fileRef = F6C2153B205F8FFD008B893D /* SingleItemTableViewCell.xib */; };
		F6C2157E205F8FFD008B893D /* FoldTableHeaderView.xib in Resources */ = {isa = PBXBuildFile; fileRef = F6C2153C205F8FFD008B893D /* FoldTableHeaderView.xib */; };
		F6C2157F205F8FFD008B893D /* FoldTableHeaderView.swift in Sources */ = {isa = PBXBuildFile; fileRef = F6C2153D205F8FFD008B893D /* FoldTableHeaderView.swift */; };
		F6C21580205F8FFD008B893D /* TextFieldEditorViewController.xib in Resources */ = {isa = PBXBuildFile; fileRef = F6C2153F205F8FFD008B893D /* TextFieldEditorViewController.xib */; };
		F6C21581205F8FFD008B893D /* TextFieldEditorViewController.swift in Sources */ = {isa = PBXBuildFile; fileRef = F6C21540205F8FFD008B893D /* TextFieldEditorViewController.swift */; };
		F6C21582205F8FFD008B893D /* CustomSegmentView.swift in Sources */ = {isa = PBXBuildFile; fileRef = F6C21542205F8FFD008B893D /* CustomSegmentView.swift */; };
		F6C21583205F8FFD008B893D /* NotificationNameDefines.swift in Sources */ = {isa = PBXBuildFile; fileRef = F6C21545205F8FFD008B893D /* NotificationNameDefines.swift */; };
		F6C21584205F8FFD008B893D /* ConstantStringDefines.swift in Sources */ = {isa = PBXBuildFile; fileRef = F6C21546205F8FFD008B893D /* ConstantStringDefines.swift */; };
		F6C21585205F8FFD008B893D /* BaseViewController.swift in Sources */ = {isa = PBXBuildFile; fileRef = F6C21548205F8FFD008B893D /* BaseViewController.swift */; };
		F6C21586205F8FFD008B893D /* BaseWebViewController.xib in Resources */ = {isa = PBXBuildFile; fileRef = F6C21549205F8FFD008B893D /* BaseWebViewController.xib */; };
		F6C21587205F8FFD008B893D /* BaseTableViewCell.swift in Sources */ = {isa = PBXBuildFile; fileRef = F6C2154A205F8FFD008B893D /* BaseTableViewCell.swift */; };
		F6C21588205F8FFD008B893D /* BaseSearchViewController.swift in Sources */ = {isa = PBXBuildFile; fileRef = F6C2154B205F8FFD008B893D /* BaseSearchViewController.swift */; };
		F6C21589205F8FFD008B893D /* BaseWebViewControllerExtension.swift in Sources */ = {isa = PBXBuildFile; fileRef = F6C2154C205F8FFD008B893D /* BaseWebViewControllerExtension.swift */; };
		F6C2158A205F8FFD008B893D /* BaseWebViewController.swift in Sources */ = {isa = PBXBuildFile; fileRef = F6C2154D205F8FFD008B893D /* BaseWebViewController.swift */; };
		F6C2158B205F8FFD008B893D /* BaseViewController.xib in Resources */ = {isa = PBXBuildFile; fileRef = F6C2154E205F8FFD008B893D /* BaseViewController.xib */; };
		F6C2158C205F8FFD008B893D /* BaseTableViewCell.xib in Resources */ = {isa = PBXBuildFile; fileRef = F6C2154F205F8FFD008B893D /* BaseTableViewCell.xib */; };
		F6C2158D205F8FFD008B893D /* BaseHelper.swift in Sources */ = {isa = PBXBuildFile; fileRef = F6C21550205F8FFD008B893D /* BaseHelper.swift */; };
		F6C21593205F91B6008B893D /* UserManager.swift in Sources */ = {isa = PBXBuildFile; fileRef = F6C21591205F91B5008B893D /* UserManager.swift */; };
		F6C21594205F91B6008B893D /* UserModel.swift in Sources */ = {isa = PBXBuildFile; fileRef = F6C21592205F91B6008B893D /* UserModel.swift */; };
		F6C21597205F937E008B893D /* HttpManager.swift in Sources */ = {isa = PBXBuildFile; fileRef = F6C21595205F937E008B893D /* HttpManager.swift */; };
		F6C21598205F937E008B893D /* URLManager.swift in Sources */ = {isa = PBXBuildFile; fileRef = F6C21596205F937E008B893D /* URLManager.swift */; };
		F6C2159A205F94CE008B893D /* AppDelegateExtension.swift in Sources */ = {isa = PBXBuildFile; fileRef = F6C21599205F94CE008B893D /* AppDelegateExtension.swift */; };
		F6C215AB205F95EB008B893D /* MainViewController.xib in Resources */ = {isa = PBXBuildFile; fileRef = F6C215A3205F95EB008B893D /* MainViewController.xib */; };
		F6C215AC205F95EB008B893D /* MainViewController.swift in Sources */ = {isa = PBXBuildFile; fileRef = F6C215A4205F95EB008B893D /* MainViewController.swift */; };
		F6C215AF205F97A4008B893D /* LoginViewController.swift in Sources */ = {isa = PBXBuildFile; fileRef = F6C215AD205F97A4008B893D /* LoginViewController.swift */; };
		F6C215B0205F97A4008B893D /* LoginViewController.xib in Resources */ = {isa = PBXBuildFile; fileRef = F6C215AE205F97A4008B893D /* LoginViewController.xib */; };
/* End PBXBuildFile section */

/* Begin PBXFileReference section */
		231018C92C660E5149F86A33 /* Pods-GraduationProject.release.xcconfig */ = {isa = PBXFileReference; includeInIndex = 1; lastKnownFileType = text.xcconfig; name = "Pods-GraduationProject.release.xcconfig"; path = "Pods/Target Support Files/Pods-GraduationProject/Pods-GraduationProject.release.xcconfig"; sourceTree = "<group>"; };
		6EE2D39D7B70FA6AF266B8AC /* Pods_GraduationProject.framework */ = {isa = PBXFileReference; explicitFileType = wrapper.framework; includeInIndex = 0; path = Pods_GraduationProject.framework; sourceTree = BUILT_PRODUCTS_DIR; };
		E34522F390C910C58AA625C5 /* Pods-GraduationProject.debug.xcconfig */ = {isa = PBXFileReference; includeInIndex = 1; lastKnownFileType = text.xcconfig; name = "Pods-GraduationProject.debug.xcconfig"; path = "Pods/Target Support Files/Pods-GraduationProject/Pods-GraduationProject.debug.xcconfig"; sourceTree = "<group>"; };
		F617AE312063556D00256236 /* ExamViewController.swift */ = {isa = PBXFileReference; lastKnownFileType = sourcecode.swift; path = ExamViewController.swift; sourceTree = "<group>"; };
		F617AE322063556D00256236 /* ExamViewController.xib */ = {isa = PBXFileReference; lastKnownFileType = file.xib; path = ExamViewController.xib; sourceTree = "<group>"; };
		F617AE352063557F00256236 /* ProfileViewController.swift */ = {isa = PBXFileReference; lastKnownFileType = sourcecode.swift; path = ProfileViewController.swift; sourceTree = "<group>"; };
		F617AE362063557F00256236 /* ProfileViewController.xib */ = {isa = PBXFileReference; lastKnownFileType = file.xib; path = ProfileViewController.xib; sourceTree = "<group>"; };
		F617AE392063558B00256236 /* SignInViewController.swift */ = {isa = PBXFileReference; lastKnownFileType = sourcecode.swift; path = SignInViewController.swift; sourceTree = "<group>"; };
		F617AE3A2063558B00256236 /* SignInViewController.xib */ = {isa = PBXFileReference; lastKnownFileType = file.xib; path = SignInViewController.xib; sourceTree = "<group>"; };
		F617AE3D20635E0100256236 /* CustomCamera.xcassets */ = {isa = PBXFileReference; lastKnownFileType = folder.assetcatalog; path = CustomCamera.xcassets; sourceTree = "<group>"; };
		F617AE3E20635E0200256236 /* Assets.xcassets */ = {isa = PBXFileReference; lastKnownFileType = folder.assetcatalog; path = Assets.xcassets; sourceTree = "<group>"; };
		F617AE3F20635E0200256236 /* Guide.xcassets */ = {isa = PBXFileReference; lastKnownFileType = folder.assetcatalog; path = Guide.xcassets; sourceTree = "<group>"; };
		F617AE4020635E0200256236 /* Login.xcassets */ = {isa = PBXFileReference; lastKnownFileType = folder.assetcatalog; path = Login.xcassets; sourceTree = "<group>"; };
		F617AE4120635E0200256236 /* Common.xcassets */ = {isa = PBXFileReference; lastKnownFileType = folder.assetcatalog; path = Common.xcassets; sourceTree = "<group>"; };
		F617AE4220635E0300256236 /* Main.xcassets */ = {isa = PBXFileReference; lastKnownFileType = folder.assetcatalog; path = Main.xcassets; sourceTree = "<group>"; };
		F617AE4320635E0300256236 /* ResultDetail.xcassets */ = {isa = PBXFileReference; lastKnownFileType = folder.assetcatalog; path = ResultDetail.xcassets; sourceTree = "<group>"; };
		F617AE4C2063610C00256236 /* ProfileTableViewCell.swift */ = {isa = PBXFileReference; lastKnownFileType = sourcecode.swift; path = ProfileTableViewCell.swift; sourceTree = "<group>"; };
		F617AE4D2063610C00256236 /* ProfileTableViewCell.xib */ = {isa = PBXFileReference; lastKnownFileType = file.xib; path = ProfileTableViewCell.xib; sourceTree = "<group>"; };
		F61CA6BC20638662005003F5 /* SettingViewController.swift */ = {isa = PBXFileReference; lastKnownFileType = sourcecode.swift; path = SettingViewController.swift; sourceTree = "<group>"; };
		F61CA6BD20638662005003F5 /* SettingViewController.xib */ = {isa = PBXFileReference; lastKnownFileType = file.xib; path = SettingViewController.xib; sourceTree = "<group>"; };
		F61CA6C020638764005003F5 /* AlterPasswordViewController.swift */ = {isa = PBXFileReference; lastKnownFileType = sourcecode.swift; path = AlterPasswordViewController.swift; sourceTree = "<group>"; };
		F61CA6C120638764005003F5 /* AlterPasswordViewController.xib */ = {isa = PBXFileReference; lastKnownFileType = file.xib; path = AlterPasswordViewController.xib; sourceTree = "<group>"; };
		F61CA6C420638AE1005003F5 /* RegisterViewController.swift */ = {isa = PBXFileReference; lastKnownFileType = sourcecode.swift; path = RegisterViewController.swift; sourceTree = "<group>"; };
		F61CA6C520638AE1005003F5 /* RegisterViewController.xib */ = {isa = PBXFileReference; lastKnownFileType = file.xib; path = RegisterViewController.xib; sourceTree = "<group>"; };
		F6C214E4205F8BBA008B893D /* GraduationProject.app */ = {isa = PBXFileReference; explicitFileType = wrapper.application; includeInIndex = 0; path = GraduationProject.app; sourceTree = BUILT_PRODUCTS_DIR; };
		F6C214E7205F8BBA008B893D /* AppDelegate.swift */ = {isa = PBXFileReference; lastKnownFileType = sourcecode.swift; path = AppDelegate.swift; sourceTree = "<group>"; };
		F6C214E9205F8BBA008B893D /* ViewController.swift */ = {isa = PBXFileReference; lastKnownFileType = sourcecode.swift; path = ViewController.swift; sourceTree = "<group>"; };
		F6C214EC205F8BBA008B893D /* Base */ = {isa = PBXFileReference; lastKnownFileType = file.storyboard; name = Base; path = Base.lproj/Main.storyboard; sourceTree = "<group>"; };
		F6C214F1205F8BBA008B893D /* Base */ = {isa = PBXFileReference; lastKnownFileType = file.storyboard; name = Base; path = Base.lproj/LaunchScreen.storyboard; sourceTree = "<group>"; };
		F6C214F3205F8BBA008B893D /* Info.plist */ = {isa = PBXFileReference; lastKnownFileType = text.plist.xml; path = Info.plist; sourceTree = "<group>"; };
		F6C214FB205F8EE5008B893D /* GraduationProject-Bridging-Header.h */ = {isa = PBXFileReference; lastKnownFileType = sourcecode.c.h; path = "GraduationProject-Bridging-Header.h"; sourceTree = "<group>"; };
		F6C21501205F8FFD008B893D /* AlertHelper.swift */ = {isa = PBXFileReference; fileEncoding = 4; lastKnownFileType = sourcecode.swift; path = AlertHelper.swift; sourceTree = "<group>"; };
		F6C21502205F8FFD008B893D /* BaseSettingManager.swift */ = {isa = PBXFileReference; fileEncoding = 4; lastKnownFileType = sourcecode.swift; path = BaseSettingManager.swift; sourceTree = "<group>"; };
		F6C21503205F8FFD008B893D /* ToolHelper.swift */ = {isa = PBXFileReference; fileEncoding = 4; lastKnownFileType = sourcecode.swift; path = ToolHelper.swift; sourceTree = "<group>"; };
		F6C21505205F8FFD008B893D /* NSDate+FSExtension.h */ = {isa = PBXFileReference; fileEncoding = 4; lastKnownFileType = sourcecode.c.h; path = "NSDate+FSExtension.h"; sourceTree = "<group>"; };
		F6C21506205F8FFD008B893D /* UIImageViewExtension.swift */ = {isa = PBXFileReference; fileEncoding = 4; lastKnownFileType = sourcecode.swift; path = UIImageViewExtension.swift; sourceTree = "<group>"; };
		F6C21507205F8FFD008B893D /* NSDate+Category.m */ = {isa = PBXFileReference; fileEncoding = 4; lastKnownFileType = sourcecode.c.objc; path = "NSDate+Category.m"; sourceTree = "<group>"; };
		F6C21508205F8FFD008B893D /* UIColorExtension.swift */ = {isa = PBXFileReference; fileEncoding = 4; lastKnownFileType = sourcecode.swift; path = UIColorExtension.swift; sourceTree = "<group>"; };
		F6C21509205F8FFD008B893D /* NSDateFormatter+Category.h */ = {isa = PBXFileReference; fileEncoding = 4; lastKnownFileType = sourcecode.c.h; path = "NSDateFormatter+Category.h"; sourceTree = "<group>"; };
		F6C2150A205F8FFD008B893D /* UIViewControllerExtension.swift */ = {isa = PBXFileReference; fileEncoding = 4; lastKnownFileType = sourcecode.swift; path = UIViewControllerExtension.swift; sourceTree = "<group>"; };
		F6C2150B205F8FFD008B893D /* UIViewExtension.swift */ = {isa = PBXFileReference; fileEncoding = 4; lastKnownFileType = sourcecode.swift; path = UIViewExtension.swift; sourceTree = "<group>"; };
		F6C2150C205F8FFD008B893D /* BaseViewControllerExtension.swift */ = {isa = PBXFileReference; fileEncoding = 4; lastKnownFileType = sourcecode.swift; path = BaseViewControllerExtension.swift; sourceTree = "<group>"; };
		F6C2150D205F8FFD008B893D /* NSDate+Category.h */ = {isa = PBXFileReference; fileEncoding = 4; lastKnownFileType = sourcecode.c.h; path = "NSDate+Category.h"; sourceTree = "<group>"; };
		F6C2150E205F8FFD008B893D /* NSDate+FSExtension.m */ = {isa = PBXFileReference; fileEncoding = 4; lastKnownFileType = sourcecode.c.objc; path = "NSDate+FSExtension.m"; sourceTree = "<group>"; };
		F6C2150F205F8FFD008B893D /* NSDateFormatter+Category.m */ = {isa = PBXFileReference; fileEncoding = 4; lastKnownFileType = sourcecode.c.objc; path = "NSDateFormatter+Category.m"; sourceTree = "<group>"; };
		F6C21510205F8FFD008B893D /* StringExtension.swift */ = {isa = PBXFileReference; fileEncoding = 4; lastKnownFileType = sourcecode.swift; path = StringExtension.swift; sourceTree = "<group>"; };
		F6C21511205F8FFD008B893D /* UIImageExtension.swift */ = {isa = PBXFileReference; fileEncoding = 4; lastKnownFileType = sourcecode.swift; path = UIImageExtension.swift; sourceTree = "<group>"; };
		F6C21513205F8FFD008B893D /* UploadImageManager.swift */ = {isa = PBXFileReference; fileEncoding = 4; lastKnownFileType = sourcecode.swift; path = UploadImageManager.swift; sourceTree = "<group>"; };
		F6C21516205F8FFD008B893D /* UploadVoiceDataManager.swift */ = {isa = PBXFileReference; fileEncoding = 4; lastKnownFileType = sourcecode.swift; path = UploadVoiceDataManager.swift; sourceTree = "<group>"; };
		F6C21519205F8FFD008B893D /* YTNibCustomView.xib */ = {isa = PBXFileReference; fileEncoding = 4; lastKnownFileType = file.xib; path = YTNibCustomView.xib; sourceTree = "<group>"; };
		F6C2151A205F8FFD008B893D /* YTNibCustomView.swift */ = {isa = PBXFileReference; fileEncoding = 4; lastKnownFileType = sourcecode.swift; path = YTNibCustomView.swift; sourceTree = "<group>"; };
		F6C2151C205F8FFD008B893D /* XPickerView.xib */ = {isa = PBXFileReference; fileEncoding = 4; lastKnownFileType = file.xib; path = XPickerView.xib; sourceTree = "<group>"; };
		F6C2151D205F8FFD008B893D /* XDatePickerView.swift */ = {isa = PBXFileReference; fileEncoding = 4; lastKnownFileType = sourcecode.swift; path = XDatePickerView.swift; sourceTree = "<group>"; };
		F6C2151E205F8FFD008B893D /* XDatePickerView.xib */ = {isa = PBXFileReference; fileEncoding = 4; lastKnownFileType = file.xib; path = XDatePickerView.xib; sourceTree = "<group>"; };
		F6C2151F205F8FFD008B893D /* YTDatePickerViewController.swift */ = {isa = PBXFileReference; fileEncoding = 4; lastKnownFileType = sourcecode.swift; path = YTDatePickerViewController.swift; sourceTree = "<group>"; };
		F6C21520205F8FFD008B893D /* XPickerView.swift */ = {isa = PBXFileReference; fileEncoding = 4; lastKnownFileType = sourcecode.swift; path = XPickerView.swift; sourceTree = "<group>"; };
		F6C21521205F8FFD008B893D /* YTPickerViewController.swift */ = {isa = PBXFileReference; fileEncoding = 4; lastKnownFileType = sourcecode.swift; path = YTPickerViewController.swift; sourceTree = "<group>"; };
		F6C21523205F8FFD008B893D /* RefreshTableViewController.xib */ = {isa = PBXFileReference; fileEncoding = 4; lastKnownFileType = file.xib; path = RefreshTableViewController.xib; sourceTree = "<group>"; };
		F6C21524205F8FFD008B893D /* FoldTableViewController.swift */ = {isa = PBXFileReference; fileEncoding = 4; lastKnownFileType = sourcecode.swift; path = FoldTableViewController.swift; sourceTree = "<group>"; };
		F6C21525205F8FFD008B893D /* SelectedTableViewController.swift */ = {isa = PBXFileReference; fileEncoding = 4; lastKnownFileType = sourcecode.swift; path = SelectedTableViewController.swift; sourceTree = "<group>"; };
		F6C21526205F8FFD008B893D /* RefreshTableViewController.swift */ = {isa = PBXFileReference; fileEncoding = 4; lastKnownFileType = sourcecode.swift; path = RefreshTableViewController.swift; sourceTree = "<group>"; };
		F6C21528205F8FFD008B893D /* LoopScrollBanner.swift */ = {isa = PBXFileReference; fileEncoding = 4; lastKnownFileType = sourcecode.swift; path = LoopScrollBanner.swift; sourceTree = "<group>"; };
		F6C2152F205F8FFD008B893D /* CountDownButton.swift */ = {isa = PBXFileReference; fileEncoding = 4; lastKnownFileType = sourcecode.swift; path = CountDownButton.swift; sourceTree = "<group>"; };
		F6C21531205F8FFD008B893D /* CustomSearchBar.xib */ = {isa = PBXFileReference; fileEncoding = 4; lastKnownFileType = file.xib; path = CustomSearchBar.xib; sourceTree = "<group>"; };
		F6C21532205F8FFD008B893D /* CustomSearchBar.swift */ = {isa = PBXFileReference; fileEncoding = 4; lastKnownFileType = sourcecode.swift; path = CustomSearchBar.swift; sourceTree = "<group>"; };
		F6C21534205F8FFD008B893D /* SelectedTableViewCell.swift */ = {isa = PBXFileReference; fileEncoding = 4; lastKnownFileType = sourcecode.swift; path = SelectedTableViewCell.swift; sourceTree = "<group>"; };
		F6C21535205F8FFD008B893D /* CommonTableViewCell.swift */ = {isa = PBXFileReference; fileEncoding = 4; lastKnownFileType = sourcecode.swift; path = CommonTableViewCell.swift; sourceTree = "<group>"; };
		F6C21536205F8FFD008B893D /* SingleItemTableViewCell.swift */ = {isa = PBXFileReference; fileEncoding = 4; lastKnownFileType = sourcecode.swift; path = SingleItemTableViewCell.swift; sourceTree = "<group>"; };
		F6C21537205F8FFD008B893D /* SelectedTableViewCell.xib */ = {isa = PBXFileReference; fileEncoding = 4; lastKnownFileType = file.xib; path = SelectedTableViewCell.xib; sourceTree = "<group>"; };
		F6C21538205F8FFD008B893D /* SingleItemView.xib */ = {isa = PBXFileReference; fileEncoding = 4; lastKnownFileType = file.xib; path = SingleItemView.xib; sourceTree = "<group>"; };
		F6C21539205F8FFD008B893D /* SingleItemView.swift */ = {isa = PBXFileReference; fileEncoding = 4; lastKnownFileType = sourcecode.swift; path = SingleItemView.swift; sourceTree = "<group>"; };
		F6C2153A205F8FFD008B893D /* CommonTableViewCell.xib */ = {isa = PBXFileReference; fileEncoding = 4; lastKnownFileType = file.xib; path = CommonTableViewCell.xib; sourceTree = "<group>"; };
		F6C2153B205F8FFD008B893D /* SingleItemTableViewCell.xib */ = {isa = PBXFileReference; fileEncoding = 4; lastKnownFileType = file.xib; path = SingleItemTableViewCell.xib; sourceTree = "<group>"; };
		F6C2153C205F8FFD008B893D /* FoldTableHeaderView.xib */ = {isa = PBXFileReference; fileEncoding = 4; lastKnownFileType = file.xib; path = FoldTableHeaderView.xib; sourceTree = "<group>"; };
		F6C2153D205F8FFD008B893D /* FoldTableHeaderView.swift */ = {isa = PBXFileReference; fileEncoding = 4; lastKnownFileType = sourcecode.swift; path = FoldTableHeaderView.swift; sourceTree = "<group>"; };
		F6C2153F205F8FFD008B893D /* TextFieldEditorViewController.xib */ = {isa = PBXFileReference; fileEncoding = 4; lastKnownFileType = file.xib; path = TextFieldEditorViewController.xib; sourceTree = "<group>"; };
		F6C21540205F8FFD008B893D /* TextFieldEditorViewController.swift */ = {isa = PBXFileReference; fileEncoding = 4; lastKnownFileType = sourcecode.swift; path = TextFieldEditorViewController.swift; sourceTree = "<group>"; };
		F6C21542205F8FFD008B893D /* CustomSegmentView.swift */ = {isa = PBXFileReference; fileEncoding = 4; lastKnownFileType = sourcecode.swift; path = CustomSegmentView.swift; sourceTree = "<group>"; };
		F6C21544205F8FFD008B893D /* PrefixHeader.h */ = {isa = PBXFileReference; fileEncoding = 4; lastKnownFileType = sourcecode.c.h; path = PrefixHeader.h; sourceTree = "<group>"; };
		F6C21545205F8FFD008B893D /* NotificationNameDefines.swift */ = {isa = PBXFileReference; fileEncoding = 4; lastKnownFileType = sourcecode.swift; path = NotificationNameDefines.swift; sourceTree = "<group>"; };
		F6C21546205F8FFD008B893D /* ConstantStringDefines.swift */ = {isa = PBXFileReference; fileEncoding = 4; lastKnownFileType = sourcecode.swift; path = ConstantStringDefines.swift; sourceTree = "<group>"; };
		F6C21548205F8FFD008B893D /* BaseViewController.swift */ = {isa = PBXFileReference; fileEncoding = 4; lastKnownFileType = sourcecode.swift; path = BaseViewController.swift; sourceTree = "<group>"; };
		F6C21549205F8FFD008B893D /* BaseWebViewController.xib */ = {isa = PBXFileReference; fileEncoding = 4; lastKnownFileType = file.xib; path = BaseWebViewController.xib; sourceTree = "<group>"; };
		F6C2154A205F8FFD008B893D /* BaseTableViewCell.swift */ = {isa = PBXFileReference; fileEncoding = 4; lastKnownFileType = sourcecode.swift; path = BaseTableViewCell.swift; sourceTree = "<group>"; };
		F6C2154B205F8FFD008B893D /* BaseSearchViewController.swift */ = {isa = PBXFileReference; fileEncoding = 4; lastKnownFileType = sourcecode.swift; path = BaseSearchViewController.swift; sourceTree = "<group>"; };
		F6C2154C205F8FFD008B893D /* BaseWebViewControllerExtension.swift */ = {isa = PBXFileReference; fileEncoding = 4; lastKnownFileType = sourcecode.swift; path = BaseWebViewControllerExtension.swift; sourceTree = "<group>"; };
		F6C2154D205F8FFD008B893D /* BaseWebViewController.swift */ = {isa = PBXFileReference; fileEncoding = 4; lastKnownFileType = sourcecode.swift; path = BaseWebViewController.swift; sourceTree = "<group>"; };
		F6C2154E205F8FFD008B893D /* BaseViewController.xib */ = {isa = PBXFileReference; fileEncoding = 4; lastKnownFileType = file.xib; path = BaseViewController.xib; sourceTree = "<group>"; };
		F6C2154F205F8FFD008B893D /* BaseTableViewCell.xib */ = {isa = PBXFileReference; fileEncoding = 4; lastKnownFileType = file.xib; path = BaseTableViewCell.xib; sourceTree = "<group>"; };
		F6C21550205F8FFD008B893D /* BaseHelper.swift */ = {isa = PBXFileReference; fileEncoding = 4; lastKnownFileType = sourcecode.swift; path = BaseHelper.swift; sourceTree = "<group>"; };
		F6C21591205F91B5008B893D /* UserManager.swift */ = {isa = PBXFileReference; fileEncoding = 4; lastKnownFileType = sourcecode.swift; path = UserManager.swift; sourceTree = "<group>"; };
		F6C21592205F91B6008B893D /* UserModel.swift */ = {isa = PBXFileReference; fileEncoding = 4; lastKnownFileType = sourcecode.swift; path = UserModel.swift; sourceTree = "<group>"; };
		F6C21595205F937E008B893D /* HttpManager.swift */ = {isa = PBXFileReference; fileEncoding = 4; lastKnownFileType = sourcecode.swift; path = HttpManager.swift; sourceTree = "<group>"; };
		F6C21596205F937E008B893D /* URLManager.swift */ = {isa = PBXFileReference; fileEncoding = 4; lastKnownFileType = sourcecode.swift; path = URLManager.swift; sourceTree = "<group>"; };
		F6C21599205F94CE008B893D /* AppDelegateExtension.swift */ = {isa = PBXFileReference; fileEncoding = 4; lastKnownFileType = sourcecode.swift; path = AppDelegateExtension.swift; sourceTree = "<group>"; };
		F6C215A3205F95EB008B893D /* MainViewController.xib */ = {isa = PBXFileReference; fileEncoding = 4; lastKnownFileType = file.xib; path = MainViewController.xib; sourceTree = "<group>"; };
		F6C215A4205F95EB008B893D /* MainViewController.swift */ = {isa = PBXFileReference; fileEncoding = 4; lastKnownFileType = sourcecode.swift; path = MainViewController.swift; sourceTree = "<group>"; };
		F6C215AD205F97A4008B893D /* LoginViewController.swift */ = {isa = PBXFileReference; fileEncoding = 4; lastKnownFileType = sourcecode.swift; path = LoginViewController.swift; sourceTree = "<group>"; };
		F6C215AE205F97A4008B893D /* LoginViewController.xib */ = {isa = PBXFileReference; fileEncoding = 4; lastKnownFileType = file.xib; path = LoginViewController.xib; sourceTree = "<group>"; };
/* End PBXFileReference section */

/* Begin PBXFrameworksBuildPhase section */
		F6C214E1205F8BBA008B893D /* Frameworks */ = {
			isa = PBXFrameworksBuildPhase;
			buildActionMask = 2147483647;
			files = (
				329A6626E1B1E76F5C4115D8 /* Pods_GraduationProject.framework in Frameworks */,
			);
			runOnlyForDeploymentPostprocessing = 0;
		};
/* End PBXFrameworksBuildPhase section */

/* Begin PBXGroup section */
		4C88ADA676F96A0FAC236A8A /* Pods */ = {
			isa = PBXGroup;
			children = (
				E34522F390C910C58AA625C5 /* Pods-GraduationProject.debug.xcconfig */,
				231018C92C660E5149F86A33 /* Pods-GraduationProject.release.xcconfig */,
			);
			name = Pods;
			sourceTree = "<group>";
		};
		7AD1FF90BEA5E8D40D5202E4 /* Frameworks */ = {
			isa = PBXGroup;
			children = (
				6EE2D39D7B70FA6AF266B8AC /* Pods_GraduationProject.framework */,
			);
			name = Frameworks;
			sourceTree = "<group>";
		};
		F617AE2E206354EC00256236 /* Profile */ = {
			isa = PBXGroup;
			children = (
				F617AE4B206360E800256236 /* component */,
				F617AE352063557F00256236 /* ProfileViewController.swift */,
				F617AE362063557F00256236 /* ProfileViewController.xib */,
				F61CA6BC20638662005003F5 /* SettingViewController.swift */,
				F61CA6BD20638662005003F5 /* SettingViewController.xib */,
				F61CA6C020638764005003F5 /* AlterPasswordViewController.swift */,
				F61CA6C120638764005003F5 /* AlterPasswordViewController.xib */,
			);
			path = Profile;
			sourceTree = "<group>";
		};
		F617AE2F206354EF00256236 /* Exam */ = {
			isa = PBXGroup;
			children = (
				F617AE312063556D00256236 /* ExamViewController.swift */,
				F617AE322063556D00256236 /* ExamViewController.xib */,
			);
			path = Exam;
			sourceTree = "<group>";
		};
		F617AE30206354F100256236 /* SignIn */ = {
			isa = PBXGroup;
			children = (
				F617AE392063558B00256236 /* SignInViewController.swift */,
				F617AE3A2063558B00256236 /* SignInViewController.xib */,
			);
			path = SignIn;
			sourceTree = "<group>";
		};
		F617AE4B206360E800256236 /* component */ = {
			isa = PBXGroup;
			children = (
				F617AE4C2063610C00256236 /* ProfileTableViewCell.swift */,
				F617AE4D2063610C00256236 /* ProfileTableViewCell.xib */,
			);
			path = component;
			sourceTree = "<group>";
		};
		F6C214DB205F8BBA008B893D = {
			isa = PBXGroup;
			children = (
				F6C214E6205F8BBA008B893D /* GraduationProject */,
				F6C214E5205F8BBA008B893D /* Products */,
				4C88ADA676F96A0FAC236A8A /* Pods */,
				7AD1FF90BEA5E8D40D5202E4 /* Frameworks */,
			);
			sourceTree = "<group>";
		};
		F6C214E5205F8BBA008B893D /* Products */ = {
			isa = PBXGroup;
			children = (
				F6C214E4205F8BBA008B893D /* GraduationProject.app */,
			);
			name = Products;
			sourceTree = "<group>";
		};
		F6C214E6205F8BBA008B893D /* GraduationProject */ = {
			isa = PBXGroup;
			children = (
				F6C214F9205F8E70008B893D /* Resource */,
				F6C214FA205F8E7A008B893D /* Source */,
				F6C214E7205F8BBA008B893D /* AppDelegate.swift */,
				F6C21599205F94CE008B893D /* AppDelegateExtension.swift */,
				F6C214E9205F8BBA008B893D /* ViewController.swift */,
				F6C214EB205F8BBA008B893D /* Main.storyboard */,
				F6C214F0205F8BBA008B893D /* LaunchScreen.storyboard */,
				F6C214F3205F8BBA008B893D /* Info.plist */,
			);
			path = GraduationProject;
			sourceTree = "<group>";
		};
		F6C214F9205F8E70008B893D /* Resource */ = {
			isa = PBXGroup;
			children = (
				F617AE3E20635E0200256236 /* Assets.xcassets */,
				F617AE4120635E0200256236 /* Common.xcassets */,
				F617AE3D20635E0100256236 /* CustomCamera.xcassets */,
				F617AE3F20635E0200256236 /* Guide.xcassets */,
				F617AE4020635E0200256236 /* Login.xcassets */,
				F617AE4220635E0300256236 /* Main.xcassets */,
				F617AE4320635E0300256236 /* ResultDetail.xcassets */,
			);
			path = Resource;
			sourceTree = "<group>";
		};
		F6C214FA205F8E7A008B893D /* Source */ = {
			isa = PBXGroup;
			children = (
				F6C214FE205F8FA7008B893D /* Classes */,
				F6C214FF205F8FFD008B893D /* Expand */,
			);
			path = Source;
			sourceTree = "<group>";
		};
		F6C214FE205F8FA7008B893D /* Classes */ = {
			isa = PBXGroup;
			children = (
				F617AE30206354F100256236 /* SignIn */,
				F617AE2F206354EF00256236 /* Exam */,
				F617AE2E206354EC00256236 /* Profile */,
				F6C2159B205F95EB008B893D /* Login */,
				F6C215A2205F95EB008B893D /* Main */,
				F6C2158E205F9130008B893D /* SessionManager */,
			);
			path = Classes;
			sourceTree = "<group>";
		};
		F6C214FF205F8FFD008B893D /* Expand */ = {
			isa = PBXGroup;
			children = (
				F6C21500205F8FFD008B893D /* Tools */,
				F6C21504205F8FFD008B893D /* Extension */,
				F6C21512205F8FFD008B893D /* Network */,
				F6C21517205F8FFD008B893D /* CommonViews */,
				F6C21543205F8FFD008B893D /* Macros */,
				F6C21547205F8FFD008B893D /* Base */,
			);
			path = Expand;
			sourceTree = "<group>";
		};
		F6C21500205F8FFD008B893D /* Tools */ = {
			isa = PBXGroup;
			children = (
				F6C21501205F8FFD008B893D /* AlertHelper.swift */,
				F6C21502205F8FFD008B893D /* BaseSettingManager.swift */,
				F6C21503205F8FFD008B893D /* ToolHelper.swift */,
			);
			path = Tools;
			sourceTree = "<group>";
		};
		F6C21504205F8FFD008B893D /* Extension */ = {
			isa = PBXGroup;
			children = (
				F6C21505205F8FFD008B893D /* NSDate+FSExtension.h */,
				F6C21506205F8FFD008B893D /* UIImageViewExtension.swift */,
				F6C21507205F8FFD008B893D /* NSDate+Category.m */,
				F6C21508205F8FFD008B893D /* UIColorExtension.swift */,
				F6C21509205F8FFD008B893D /* NSDateFormatter+Category.h */,
				F6C2150A205F8FFD008B893D /* UIViewControllerExtension.swift */,
				F6C2150B205F8FFD008B893D /* UIViewExtension.swift */,
				F6C2150C205F8FFD008B893D /* BaseViewControllerExtension.swift */,
				F6C2150D205F8FFD008B893D /* NSDate+Category.h */,
				F6C2150E205F8FFD008B893D /* NSDate+FSExtension.m */,
				F6C2150F205F8FFD008B893D /* NSDateFormatter+Category.m */,
				F6C21510205F8FFD008B893D /* StringExtension.swift */,
				F6C21511205F8FFD008B893D /* UIImageExtension.swift */,
			);
			path = Extension;
			sourceTree = "<group>";
		};
		F6C21512205F8FFD008B893D /* Network */ = {
			isa = PBXGroup;
			children = (
				F6C21595205F937E008B893D /* HttpManager.swift */,
				F6C21596205F937E008B893D /* URLManager.swift */,
				F6C21513205F8FFD008B893D /* UploadImageManager.swift */,
				F6C21516205F8FFD008B893D /* UploadVoiceDataManager.swift */,
			);
			path = Network;
			sourceTree = "<group>";
		};
		F6C21517205F8FFD008B893D /* CommonViews */ = {
			isa = PBXGroup;
			children = (
				F6C21518205F8FFD008B893D /* YTNibCustomView */,
				F6C2151B205F8FFD008B893D /* XPickerViewController */,
				F6C21522205F8FFD008B893D /* RefreshTableView */,
				F6C21527205F8FFD008B893D /* LoopScrollBanner */,
				F6C2152E205F8FFD008B893D /* Button */,
				F6C21530205F8FFD008B893D /* CustomSearchBar */,
				F6C21533205F8FFD008B893D /* TableViewCell */,
				F6C2153E205F8FFD008B893D /* Editor */,
				F6C21541205F8FFD008B893D /* SegmentView */,
			);
			path = CommonViews;
			sourceTree = "<group>";
		};
		F6C21518205F8FFD008B893D /* YTNibCustomView */ = {
			isa = PBXGroup;
			children = (
				F6C21519205F8FFD008B893D /* YTNibCustomView.xib */,
				F6C2151A205F8FFD008B893D /* YTNibCustomView.swift */,
			);
			path = YTNibCustomView;
			sourceTree = "<group>";
		};
		F6C2151B205F8FFD008B893D /* XPickerViewController */ = {
			isa = PBXGroup;
			children = (
				F6C2151C205F8FFD008B893D /* XPickerView.xib */,
				F6C2151D205F8FFD008B893D /* XDatePickerView.swift */,
				F6C2151E205F8FFD008B893D /* XDatePickerView.xib */,
				F6C2151F205F8FFD008B893D /* YTDatePickerViewController.swift */,
				F6C21520205F8FFD008B893D /* XPickerView.swift */,
				F6C21521205F8FFD008B893D /* YTPickerViewController.swift */,
			);
			path = XPickerViewController;
			sourceTree = "<group>";
		};
		F6C21522205F8FFD008B893D /* RefreshTableView */ = {
			isa = PBXGroup;
			children = (
				F6C21523205F8FFD008B893D /* RefreshTableViewController.xib */,
				F6C21524205F8FFD008B893D /* FoldTableViewController.swift */,
				F6C21525205F8FFD008B893D /* SelectedTableViewController.swift */,
				F6C21526205F8FFD008B893D /* RefreshTableViewController.swift */,
			);
			path = RefreshTableView;
			sourceTree = "<group>";
		};
		F6C21527205F8FFD008B893D /* LoopScrollBanner */ = {
			isa = PBXGroup;
			children = (
				F6C21528205F8FFD008B893D /* LoopScrollBanner.swift */,
			);
			path = LoopScrollBanner;
			sourceTree = "<group>";
		};
		F6C2152E205F8FFD008B893D /* Button */ = {
			isa = PBXGroup;
			children = (
				F6C2152F205F8FFD008B893D /* CountDownButton.swift */,
			);
			path = Button;
			sourceTree = "<group>";
		};
		F6C21530205F8FFD008B893D /* CustomSearchBar */ = {
			isa = PBXGroup;
			children = (
				F6C21531205F8FFD008B893D /* CustomSearchBar.xib */,
				F6C21532205F8FFD008B893D /* CustomSearchBar.swift */,
			);
			path = CustomSearchBar;
			sourceTree = "<group>";
		};
		F6C21533205F8FFD008B893D /* TableViewCell */ = {
			isa = PBXGroup;
			children = (
				F6C21535205F8FFD008B893D /* CommonTableViewCell.swift */,
				F6C2153A205F8FFD008B893D /* CommonTableViewCell.xib */,
				F6C21534205F8FFD008B893D /* SelectedTableViewCell.swift */,
				F6C21537205F8FFD008B893D /* SelectedTableViewCell.xib */,
				F6C21539205F8FFD008B893D /* SingleItemView.swift */,
				F6C21538205F8FFD008B893D /* SingleItemView.xib */,
				F6C21536205F8FFD008B893D /* SingleItemTableViewCell.swift */,
				F6C2153B205F8FFD008B893D /* SingleItemTableViewCell.xib */,
				F6C2153C205F8FFD008B893D /* FoldTableHeaderView.xib */,
				F6C2153D205F8FFD008B893D /* FoldTableHeaderView.swift */,
			);
			path = TableViewCell;
			sourceTree = "<group>";
		};
		F6C2153E205F8FFD008B893D /* Editor */ = {
			isa = PBXGroup;
			children = (
				F6C2153F205F8FFD008B893D /* TextFieldEditorViewController.xib */,
				F6C21540205F8FFD008B893D /* TextFieldEditorViewController.swift */,
			);
			path = Editor;
			sourceTree = "<group>";
		};
		F6C21541205F8FFD008B893D /* SegmentView */ = {
			isa = PBXGroup;
			children = (
				F6C21542205F8FFD008B893D /* CustomSegmentView.swift */,
			);
			path = SegmentView;
			sourceTree = "<group>";
		};
		F6C21543205F8FFD008B893D /* Macros */ = {
			isa = PBXGroup;
			children = (
				F6C21544205F8FFD008B893D /* PrefixHeader.h */,
				F6C214FB205F8EE5008B893D /* GraduationProject-Bridging-Header.h */,
				F6C21545205F8FFD008B893D /* NotificationNameDefines.swift */,
				F6C21546205F8FFD008B893D /* ConstantStringDefines.swift */,
			);
			path = Macros;
			sourceTree = "<group>";
		};
		F6C21547205F8FFD008B893D /* Base */ = {
			isa = PBXGroup;
			children = (
				F6C21548205F8FFD008B893D /* BaseViewController.swift */,
				F6C21549205F8FFD008B893D /* BaseWebViewController.xib */,
				F6C2154A205F8FFD008B893D /* BaseTableViewCell.swift */,
				F6C2154F205F8FFD008B893D /* BaseTableViewCell.xib */,
				F6C2154B205F8FFD008B893D /* BaseSearchViewController.swift */,
				F6C2154C205F8FFD008B893D /* BaseWebViewControllerExtension.swift */,
				F6C2154D205F8FFD008B893D /* BaseWebViewController.swift */,
				F6C2154E205F8FFD008B893D /* BaseViewController.xib */,
				F6C21550205F8FFD008B893D /* BaseHelper.swift */,
			);
			path = Base;
			sourceTree = "<group>";
		};
		F6C2158E205F9130008B893D /* SessionManager */ = {
			isa = PBXGroup;
			children = (
				F6C21591205F91B5008B893D /* UserManager.swift */,
				F6C21592205F91B6008B893D /* UserModel.swift */,
			);
			path = SessionManager;
			sourceTree = "<group>";
		};
		F6C2159B205F95EB008B893D /* Login */ = {
			isa = PBXGroup;
			children = (
				F6C215AD205F97A4008B893D /* LoginViewController.swift */,
				F6C215AE205F97A4008B893D /* LoginViewController.xib */,
				F61CA6C420638AE1005003F5 /* RegisterViewController.swift */,
				F61CA6C520638AE1005003F5 /* RegisterViewController.xib */,
			);
			path = Login;
			sourceTree = "<group>";
		};
		F6C215A2205F95EB008B893D /* Main */ = {
			isa = PBXGroup;
			children = (
				F6C215A4205F95EB008B893D /* MainViewController.swift */,
				F6C215A3205F95EB008B893D /* MainViewController.xib */,
			);
			path = Main;
			sourceTree = "<group>";
		};
/* End PBXGroup section */

/* Begin PBXNativeTarget section */
		F6C214E3205F8BBA008B893D /* GraduationProject */ = {
			isa = PBXNativeTarget;
			buildConfigurationList = F6C214F6205F8BBA008B893D /* Build configuration list for PBXNativeTarget "GraduationProject" */;
			buildPhases = (
				49871D5039F44D74C1E9E1D1 /* [CP] Check Pods Manifest.lock */,
				F6C214E0205F8BBA008B893D /* Sources */,
				F6C214E1205F8BBA008B893D /* Frameworks */,
				F6C214E2205F8BBA008B893D /* Resources */,
				40FB73282BE11AA4AA27B227 /* [CP] Embed Pods Frameworks */,
				27CCEB7336FAA97E8E4162E6 /* [CP] Copy Pods Resources */,
			);
			buildRules = (
			);
			dependencies = (
			);
			name = GraduationProject;
			productName = GraduationProject;
			productReference = F6C214E4205F8BBA008B893D /* GraduationProject.app */;
			productType = "com.apple.product-type.application";
		};
/* End PBXNativeTarget section */

/* Begin PBXProject section */
		F6C214DC205F8BBA008B893D /* Project object */ = {
			isa = PBXProject;
			attributes = {
				LastSwiftUpdateCheck = 0920;
				LastUpgradeCheck = 0920;
				ORGANIZATIONNAME = Snake;
				TargetAttributes = {
					F6C214E3205F8BBA008B893D = {
						CreatedOnToolsVersion = 9.2;
						LastSwiftMigration = 0920;
						ProvisioningStyle = Automatic;
					};
				};
			};
			buildConfigurationList = F6C214DF205F8BBA008B893D /* Build configuration list for PBXProject "GraduationProject" */;
			compatibilityVersion = "Xcode 8.0";
			developmentRegion = en;
			hasScannedForEncodings = 0;
			knownRegions = (
				en,
				Base,
			);
			mainGroup = F6C214DB205F8BBA008B893D;
			productRefGroup = F6C214E5205F8BBA008B893D /* Products */;
			projectDirPath = "";
			projectRoot = "";
			targets = (
				F6C214E3205F8BBA008B893D /* GraduationProject */,
			);
		};
/* End PBXProject section */

/* Begin PBXResourcesBuildPhase section */
		F6C214E2205F8BBA008B893D /* Resources */ = {
			isa = PBXResourcesBuildPhase;
			buildActionMask = 2147483647;
			files = (
				F617AE4420635E0300256236 /* CustomCamera.xcassets in Resources */,
				F61CA6BF20638662005003F5 /* SettingViewController.xib in Resources */,
				F6C21574205F8FFD008B893D /* CustomSearchBar.xib in Resources */,
				F6C21562205F8FFD008B893D /* YTNibCustomView.xib in Resources */,
				F617AE4720635E0300256236 /* Login.xcassets in Resources */,
				F61CA6C320638764005003F5 /* AlterPasswordViewController.xib in Resources */,
				F6C21586205F8FFD008B893D /* BaseWebViewController.xib in Resources */,
				F6C215B0205F97A4008B893D /* LoginViewController.xib in Resources */,
				F6C21579205F8FFD008B893D /* SelectedTableViewCell.xib in Resources */,
				F617AE4820635E0300256236 /* Common.xcassets in Resources */,
				F617AE4520635E0300256236 /* Assets.xcassets in Resources */,
				F617AE342063556D00256236 /* ExamViewController.xib in Resources */,
				F617AE4920635E0300256236 /* Main.xcassets in Resources */,
				F617AE4F2063610C00256236 /* ProfileTableViewCell.xib in Resources */,
				F6C214F2205F8BBA008B893D /* LaunchScreen.storyboard in Resources */,
				F61CA6C720638AE1005003F5 /* RegisterViewController.xib in Resources */,
				F617AE4A20635E0300256236 /* ResultDetail.xcassets in Resources */,
				F6C2157C205F8FFD008B893D /* CommonTableViewCell.xib in Resources */,
				F6C21566205F8FFD008B893D /* XDatePickerView.xib in Resources */,
				F6C2157A205F8FFD008B893D /* SingleItemView.xib in Resources */,
				F6C214ED205F8BBA008B893D /* Main.storyboard in Resources */,
				F617AE4620635E0300256236 /* Guide.xcassets in Resources */,
				F6C21564205F8FFD008B893D /* XPickerView.xib in Resources */,
				F617AE382063557F00256236 /* ProfileViewController.xib in Resources */,
				F6C2158C205F8FFD008B893D /* BaseTableViewCell.xib in Resources */,
				F617AE3C2063558B00256236 /* SignInViewController.xib in Resources */,
				F6C2157E205F8FFD008B893D /* FoldTableHeaderView.xib in Resources */,
				F6C2156A205F8FFD008B893D /* RefreshTableViewController.xib in Resources */,
				F6C2158B205F8FFD008B893D /* BaseViewController.xib in Resources */,
				F6C2157D205F8FFD008B893D /* SingleItemTableViewCell.xib in Resources */,
				F6C215AB205F95EB008B893D /* MainViewController.xib in Resources */,
				F6C21580205F8FFD008B893D /* TextFieldEditorViewController.xib in Resources */,
			);
			runOnlyForDeploymentPostprocessing = 0;
		};
/* End PBXResourcesBuildPhase section */

/* Begin PBXShellScriptBuildPhase section */
		27CCEB7336FAA97E8E4162E6 /* [CP] Copy Pods Resources */ = {
			isa = PBXShellScriptBuildPhase;
			buildActionMask = 2147483647;
			files = (
			);
			inputPaths = (
			);
			name = "[CP] Copy Pods Resources";
			outputPaths = (
			);
			runOnlyForDeploymentPostprocessing = 0;
			shellPath = /bin/sh;
			shellScript = "\"${SRCROOT}/Pods/Target Support Files/Pods-GraduationProject/Pods-GraduationProject-resources.sh\"\n";
			showEnvVarsInLog = 0;
		};
		40FB73282BE11AA4AA27B227 /* [CP] Embed Pods Frameworks */ = {
			isa = PBXShellScriptBuildPhase;
			buildActionMask = 2147483647;
			files = (
			);
			inputPaths = (
			);
			name = "[CP] Embed Pods Frameworks";
			outputPaths = (
			);
			runOnlyForDeploymentPostprocessing = 0;
			shellPath = /bin/sh;
			shellScript = "\"${SRCROOT}/Pods/Target Support Files/Pods-GraduationProject/Pods-GraduationProject-frameworks.sh\"\n";
			showEnvVarsInLog = 0;
		};
		49871D5039F44D74C1E9E1D1 /* [CP] Check Pods Manifest.lock */ = {
			isa = PBXShellScriptBuildPhase;
			buildActionMask = 2147483647;
			files = (
			);
			inputPaths = (
			);
			name = "[CP] Check Pods Manifest.lock";
			outputPaths = (
			);
			runOnlyForDeploymentPostprocessing = 0;
			shellPath = /bin/sh;
			shellScript = "diff \"${PODS_PODFILE_DIR_PATH}/Podfile.lock\" \"${PODS_ROOT}/Manifest.lock\" > /dev/null\nif [ $? != 0 ] ; then\n    # print error to STDERR\n    echo \"error: The sandbox is not in sync with the Podfile.lock. Run 'pod install' or update your CocoaPods installation.\" >&2\n    exit 1\nfi\n";
			showEnvVarsInLog = 0;
		};
/* End PBXShellScriptBuildPhase section */

/* Begin PBXSourcesBuildPhase section */
		F6C214E0205F8BBA008B893D /* Sources */ = {
			isa = PBXSourcesBuildPhase;
			buildActionMask = 2147483647;
			files = (
				F6C21563205F8FFD008B893D /* YTNibCustomView.swift in Sources */,
				F6C21569205F8FFD008B893D /* YTPickerViewController.swift in Sources */,
				F6C21582205F8FFD008B893D /* CustomSegmentView.swift in Sources */,
				F617AE4E2063610C00256236 /* ProfileTableViewCell.swift in Sources */,
				F6C2157F205F8FFD008B893D /* FoldTableHeaderView.swift in Sources */,
				F6C21558205F8FFD008B893D /* UIViewExtension.swift in Sources */,
				F6C2156D205F8FFD008B893D /* RefreshTableViewController.swift in Sources */,
				F6C21588205F8FFD008B893D /* BaseSearchViewController.swift in Sources */,
				F6C2156E205F8FFD008B893D /* LoopScrollBanner.swift in Sources */,
				F6C21567205F8FFD008B893D /* YTDatePickerViewController.swift in Sources */,
				F6C21584205F8FFD008B893D /* ConstantStringDefines.swift in Sources */,
				F617AE372063557F00256236 /* ProfileViewController.swift in Sources */,
				F6C21551205F8FFD008B893D /* AlertHelper.swift in Sources */,
				F6C21553205F8FFD008B893D /* ToolHelper.swift in Sources */,
				F6C21577205F8FFD008B893D /* CommonTableViewCell.swift in Sources */,
				F6C21585205F8FFD008B893D /* BaseViewController.swift in Sources */,
				F6C21587205F8FFD008B893D /* BaseTableViewCell.swift in Sources */,
				F6C2155A205F8FFD008B893D /* NSDate+FSExtension.m in Sources */,
				F61CA6C220638764005003F5 /* AlterPasswordViewController.swift in Sources */,
				F6C21598205F937E008B893D /* URLManager.swift in Sources */,
				F6C21557205F8FFD008B893D /* UIViewControllerExtension.swift in Sources */,
				F6C21597205F937E008B893D /* HttpManager.swift in Sources */,
				F6C21594205F91B6008B893D /* UserModel.swift in Sources */,
				F617AE332063556D00256236 /* ExamViewController.swift in Sources */,
				F6C21573205F8FFD008B893D /* CountDownButton.swift in Sources */,
				F6C21555205F8FFD008B893D /* NSDate+Category.m in Sources */,
				F617AE3B2063558B00256236 /* SignInViewController.swift in Sources */,
				F6C21583205F8FFD008B893D /* NotificationNameDefines.swift in Sources */,
				F6C2156B205F8FFD008B893D /* FoldTableViewController.swift in Sources */,
				F6C2155E205F8FFD008B893D /* UploadImageManager.swift in Sources */,
				F6C21565205F8FFD008B893D /* XDatePickerView.swift in Sources */,
				F6C215AC205F95EB008B893D /* MainViewController.swift in Sources */,
				F6C21568205F8FFD008B893D /* XPickerView.swift in Sources */,
				F6C21589205F8FFD008B893D /* BaseWebViewControllerExtension.swift in Sources */,
				F6C21575205F8FFD008B893D /* CustomSearchBar.swift in Sources */,
				F6C21561205F8FFD008B893D /* UploadVoiceDataManager.swift in Sources */,
				F6C2157B205F8FFD008B893D /* SingleItemView.swift in Sources */,
				F6C21581205F8FFD008B893D /* TextFieldEditorViewController.swift in Sources */,
				F6C21593205F91B6008B893D /* UserManager.swift in Sources */,
				F6C21556205F8FFD008B893D /* UIColorExtension.swift in Sources */,
				F6C21554205F8FFD008B893D /* UIImageViewExtension.swift in Sources */,
				F6C21576205F8FFD008B893D /* SelectedTableViewCell.swift in Sources */,
				F61CA6C620638AE1005003F5 /* RegisterViewController.swift in Sources */,
				F6C2155D205F8FFD008B893D /* UIImageExtension.swift in Sources */,
				F6C215AF205F97A4008B893D /* LoginViewController.swift in Sources */,
				F6C2156C205F8FFD008B893D /* SelectedTableViewController.swift in Sources */,
				F6C2158D205F8FFD008B893D /* BaseHelper.swift in Sources */,
				F61CA6BE20638662005003F5 /* SettingViewController.swift in Sources */,
				F6C2158A205F8FFD008B893D /* BaseWebViewController.swift in Sources */,
				F6C2155C205F8FFD008B893D /* StringExtension.swift in Sources */,
				F6C21559205F8FFD008B893D /* BaseViewControllerExtension.swift in Sources */,
				F6C214EA205F8BBA008B893D /* ViewController.swift in Sources */,
				F6C21578205F8FFD008B893D /* SingleItemTableViewCell.swift in Sources */,
				F6C214E8205F8BBA008B893D /* AppDelegate.swift in Sources */,
				F6C21552205F8FFD008B893D /* BaseSettingManager.swift in Sources */,
				F6C2159A205F94CE008B893D /* AppDelegateExtension.swift in Sources */,
				F6C2155B205F8FFD008B893D /* NSDateFormatter+Category.m in Sources */,
			);
			runOnlyForDeploymentPostprocessing = 0;
		};
/* End PBXSourcesBuildPhase section */

/* Begin PBXVariantGroup section */
		F6C214EB205F8BBA008B893D /* Main.storyboard */ = {
			isa = PBXVariantGroup;
			children = (
				F6C214EC205F8BBA008B893D /* Base */,
			);
			name = Main.storyboard;
			sourceTree = "<group>";
		};
		F6C214F0205F8BBA008B893D /* LaunchScreen.storyboard */ = {
			isa = PBXVariantGroup;
			children = (
				F6C214F1205F8BBA008B893D /* Base */,
			);
			name = LaunchScreen.storyboard;
			sourceTree = "<group>";
		};
/* End PBXVariantGroup section */

/* Begin XCBuildConfiguration section */
		F6C214F4205F8BBA008B893D /* Debug */ = {
			isa = XCBuildConfiguration;
			buildSettings = {
				ALWAYS_SEARCH_USER_PATHS = NO;
				CLANG_ANALYZER_NONNULL = YES;
				CLANG_ANALYZER_NUMBER_OBJECT_CONVERSION = YES_AGGRESSIVE;
				CLANG_CXX_LANGUAGE_STANDARD = "gnu++14";
				CLANG_CXX_LIBRARY = "libc++";
				CLANG_ENABLE_MODULES = YES;
				CLANG_ENABLE_OBJC_ARC = YES;
				CLANG_WARN_BLOCK_CAPTURE_AUTORELEASING = YES;
				CLANG_WARN_BOOL_CONVERSION = YES;
				CLANG_WARN_COMMA = YES;
				CLANG_WARN_CONSTANT_CONVERSION = YES;
				CLANG_WARN_DIRECT_OBJC_ISA_USAGE = YES_ERROR;
				CLANG_WARN_DOCUMENTATION_COMMENTS = YES;
				CLANG_WARN_EMPTY_BODY = YES;
				CLANG_WARN_ENUM_CONVERSION = YES;
				CLANG_WARN_INFINITE_RECURSION = YES;
				CLANG_WARN_INT_CONVERSION = YES;
				CLANG_WARN_NON_LITERAL_NULL_CONVERSION = YES;
				CLANG_WARN_OBJC_LITERAL_CONVERSION = YES;
				CLANG_WARN_OBJC_ROOT_CLASS = YES_ERROR;
				CLANG_WARN_RANGE_LOOP_ANALYSIS = YES;
				CLANG_WARN_STRICT_PROTOTYPES = YES;
				CLANG_WARN_SUSPICIOUS_MOVE = YES;
				CLANG_WARN_UNGUARDED_AVAILABILITY = YES_AGGRESSIVE;
				CLANG_WARN_UNREACHABLE_CODE = YES;
				CLANG_WARN__DUPLICATE_METHOD_MATCH = YES;
				CODE_SIGN_IDENTITY = "iPhone Developer";
				COPY_PHASE_STRIP = NO;
				DEBUG_INFORMATION_FORMAT = dwarf;
				ENABLE_STRICT_OBJC_MSGSEND = YES;
				ENABLE_TESTABILITY = YES;
				GCC_C_LANGUAGE_STANDARD = gnu11;
				GCC_DYNAMIC_NO_PIC = NO;
				GCC_NO_COMMON_BLOCKS = YES;
				GCC_OPTIMIZATION_LEVEL = 0;
				GCC_PREPROCESSOR_DEFINITIONS = (
					"DEBUG=1",
					"$(inherited)",
				);
				GCC_WARN_64_TO_32_BIT_CONVERSION = YES;
				GCC_WARN_ABOUT_RETURN_TYPE = YES_ERROR;
				GCC_WARN_UNDECLARED_SELECTOR = YES;
				GCC_WARN_UNINITIALIZED_AUTOS = YES_AGGRESSIVE;
				GCC_WARN_UNUSED_FUNCTION = YES;
				GCC_WARN_UNUSED_VARIABLE = YES;
				IPHONEOS_DEPLOYMENT_TARGET = 11.2;
				MTL_ENABLE_DEBUG_INFO = YES;
				ONLY_ACTIVE_ARCH = YES;
				SDKROOT = iphoneos;
				SWIFT_ACTIVE_COMPILATION_CONDITIONS = DEBUG;
				SWIFT_OPTIMIZATION_LEVEL = "-Onone";
			};
			name = Debug;
		};
		F6C214F5205F8BBA008B893D /* Release */ = {
			isa = XCBuildConfiguration;
			buildSettings = {
				ALWAYS_SEARCH_USER_PATHS = NO;
				CLANG_ANALYZER_NONNULL = YES;
				CLANG_ANALYZER_NUMBER_OBJECT_CONVERSION = YES_AGGRESSIVE;
				CLANG_CXX_LANGUAGE_STANDARD = "gnu++14";
				CLANG_CXX_LIBRARY = "libc++";
				CLANG_ENABLE_MODULES = YES;
				CLANG_ENABLE_OBJC_ARC = YES;
				CLANG_WARN_BLOCK_CAPTURE_AUTORELEASING = YES;
				CLANG_WARN_BOOL_CONVERSION = YES;
				CLANG_WARN_COMMA = YES;
				CLANG_WARN_CONSTANT_CONVERSION = YES;
				CLANG_WARN_DIRECT_OBJC_ISA_USAGE = YES_ERROR;
				CLANG_WARN_DOCUMENTATION_COMMENTS = YES;
				CLANG_WARN_EMPTY_BODY = YES;
				CLANG_WARN_ENUM_CONVERSION = YES;
				CLANG_WARN_INFINITE_RECURSION = YES;
				CLANG_WARN_INT_CONVERSION = YES;
				CLANG_WARN_NON_LITERAL_NULL_CONVERSION = YES;
				CLANG_WARN_OBJC_LITERAL_CONVERSION = YES;
				CLANG_WARN_OBJC_ROOT_CLASS = YES_ERROR;
				CLANG_WARN_RANGE_LOOP_ANALYSIS = YES;
				CLANG_WARN_STRICT_PROTOTYPES = YES;
				CLANG_WARN_SUSPICIOUS_MOVE = YES;
				CLANG_WARN_UNGUARDED_AVAILABILITY = YES_AGGRESSIVE;
				CLANG_WARN_UNREACHABLE_CODE = YES;
				CLANG_WARN__DUPLICATE_METHOD_MATCH = YES;
				CODE_SIGN_IDENTITY = "iPhone Developer";
				COPY_PHASE_STRIP = NO;
				DEBUG_INFORMATION_FORMAT = "dwarf-with-dsym";
				ENABLE_NS_ASSERTIONS = NO;
				ENABLE_STRICT_OBJC_MSGSEND = YES;
				GCC_C_LANGUAGE_STANDARD = gnu11;
				GCC_NO_COMMON_BLOCKS = YES;
				GCC_WARN_64_TO_32_BIT_CONVERSION = YES;
				GCC_WARN_ABOUT_RETURN_TYPE = YES_ERROR;
				GCC_WARN_UNDECLARED_SELECTOR = YES;
				GCC_WARN_UNINITIALIZED_AUTOS = YES_AGGRESSIVE;
				GCC_WARN_UNUSED_FUNCTION = YES;
				GCC_WARN_UNUSED_VARIABLE = YES;
				IPHONEOS_DEPLOYMENT_TARGET = 11.2;
				MTL_ENABLE_DEBUG_INFO = NO;
				SDKROOT = iphoneos;
				SWIFT_OPTIMIZATION_LEVEL = "-Owholemodule";
				VALIDATE_PRODUCT = YES;
			};
			name = Release;
		};
		F6C214F7205F8BBA008B893D /* Debug */ = {
			isa = XCBuildConfiguration;
			baseConfigurationReference = E34522F390C910C58AA625C5 /* Pods-GraduationProject.debug.xcconfig */;
			buildSettings = {
				ASSETCATALOG_COMPILER_APPICON_NAME = AppIcon;
				CLANG_ENABLE_MODULES = YES;
				CODE_SIGN_STYLE = Automatic;
				DEVELOPMENT_TEAM = VU7QDQ3ABP;
				INFOPLIST_FILE = GraduationProject/Info.plist;
				IPHONEOS_DEPLOYMENT_TARGET = 9.0;
				LD_RUNPATH_SEARCH_PATHS = "$(inherited) @executable_path/Frameworks";
				PRODUCT_BUNDLE_IDENTIFIER = Snake.GraduationProject;
				PRODUCT_NAME = "$(TARGET_NAME)";
				SWIFT_OBJC_BRIDGING_HEADER = "GraduationProject/Source/Expand/Macros/GraduationProject-Bridging-Header.h";
				SWIFT_OPTIMIZATION_LEVEL = "-Onone";
				SWIFT_VERSION = 4.0;
				TARGETED_DEVICE_FAMILY = "1,2";
			};
			name = Debug;
		};
		F6C214F8205F8BBA008B893D /* Release */ = {
			isa = XCBuildConfiguration;
			baseConfigurationReference = 231018C92C660E5149F86A33 /* Pods-GraduationProject.release.xcconfig */;
			buildSettings = {
				ASSETCATALOG_COMPILER_APPICON_NAME = AppIcon;
				CLANG_ENABLE_MODULES = YES;
				CODE_SIGN_STYLE = Automatic;
				DEVELOPMENT_TEAM = VU7QDQ3ABP;
				INFOPLIST_FILE = GraduationProject/Info.plist;
				IPHONEOS_DEPLOYMENT_TARGET = 9.0;
				LD_RUNPATH_SEARCH_PATHS = "$(inherited) @executable_path/Frameworks";
				PRODUCT_BUNDLE_IDENTIFIER = Snake.GraduationProject;
				PRODUCT_NAME = "$(TARGET_NAME)";
				SWIFT_OBJC_BRIDGING_HEADER = "GraduationProject/Source/Expand/Macros/GraduationProject-Bridging-Header.h";
				SWIFT_VERSION = 4.0;
				TARGETED_DEVICE_FAMILY = "1,2";
			};
			name = Release;
		};
/* End XCBuildConfiguration section */

/* Begin XCConfigurationList section */
		F6C214DF205F8BBA008B893D /* Build configuration list for PBXProject "GraduationProject" */ = {
			isa = XCConfigurationList;
			buildConfigurations = (
				F6C214F4205F8BBA008B893D /* Debug */,
				F6C214F5205F8BBA008B893D /* Release */,
			);
			defaultConfigurationIsVisible = 0;
			defaultConfigurationName = Release;
		};
		F6C214F6205F8BBA008B893D /* Build configuration list for PBXNativeTarget "GraduationProject" */ = {
			isa = XCConfigurationList;
			buildConfigurations = (
				F6C214F7205F8BBA008B893D /* Debug */,
				F6C214F8205F8BBA008B893D /* Release */,
			);
			defaultConfigurationIsVisible = 0;
			defaultConfigurationName = Release;
		};
/* End XCConfigurationList section */
	};
	rootObject = F6C214DC205F8BBA008B893D /* Project object */;
}
